
Microsoft Visual Studio Solution File, Format Version 12.00
# Visual Studio Version 17
VisualStudioVersion = 17.3.32929.385
MinimumVisualStudioVersion = 10.0.40219.1
Project("{8BC9CEB8-8B4A-11D0-8D11-00A0C91BC942}") = "data_strcture_2", "data_strcture_2\data_strcture_2.vcxproj", "{2187C390-6739-498B-8B79-54AA33757730}"
EndProject
Project("{8BC9CEB8-8B4A-11D0-8D11-00A0C91BC942}") = "data_structure_2.Execise_2", "data_structure_2.Execise_2\data_structure_2.Execise_2.vcxproj", "{E30201E1-4568-44A9-8F43-91231EE71DA3}"
EndProject
Project("{8BC9CEB8-8B4A-11D0-8D11-00A0C91BC942}") = "Data_structure_2_exercise_3", "Data_structure_2_exercise_3\Data_structure_2_exercise_3.vcxproj", "{4AB9237D-9BAB-48F2-B398-0ECA1D9321F6}"
EndProject
Project("{8BC9CEB8-8B4A-11D0-8D11-00A0C91BC942}") = "DataStructure_2-4", "DataStructure_2-4\DataStructure_2-4.vcxproj", "{CDF728CC-DDAF-41C7-A787-CFFE86FDB472}"
EndProject
Global
	GlobalSection(SolutionConfigurationPlatforms) = preSolution
		Debug|x64 = Debug|x64
		Debug|x86 = Debug|x86
		Release|x64 = Release|x64
		Release|x86 = Release|x86
	EndGlobalSection
	GlobalSection(ProjectConfigurationPlatforms) = postSolution
		{2187C390-6739-498B-8B79-54AA33757730}.Debug|x64.ActiveCfg = Debug|x64
		{2187C390-6739-498B-8B79-54AA33757730}.Debug|x64.Build.0 = Debug|x64
		{2187C390-6739-498B-8B79-54AA33757730}.Debug|x86.ActiveCfg = Debug|Win32
		{2187C390-6739-498B-8B79-54AA33757730}.Debug|x86.Build.0 = Debug|Win32
		{2187C390-6739-498B-8B79-54AA33757730}.Release|x64.ActiveCfg = Release|x64
		{2187C390-6739-498B-8B79-54AA33757730}.Release|x64.Build.0 = Release|x64
		{2187C390-6739-498B-8B79-54AA33757730}.Release|x86.ActiveCfg = Release|Win32
		{2187C390-6739-498B-8B79-54AA33757730}.Release|x86.Build.0 = Release|Win32
		{E30201E1-4568-44A9-8F43-91231EE71DA3}.Debug|x64.ActiveCfg = Debug|x64
		{E30201E1-4568-44A9-8F43-91231EE71DA3}.Debug|x64.Build.0 = Debug|x64
		{E30201E1-4568-44A9-8F43-91231EE71DA3}.Debug|x86.ActiveCfg = Debug|Win32
		{E30201E1-4568-44A9-8F43-91231EE71DA3}.Debug|x86.Build.0 = Debug|Win32
		{E30201E1-4568-44A9-8F43-91231EE71DA3}.Release|x64.ActiveCfg = Release|x64
		{E30201E1-4568-44A9-8F43-91231EE71DA3}.Release|x64.Build.0 = Release|x64
		{E30201E1-4568-44A9-8F43-91231EE71DA3}.Release|x86.ActiveCfg = Release|Win32
		{E30201E1-4568-44A9-8F43-91231EE71DA3}.Release|x86.Build.0 = Release|Win32
		{4AB9237D-9BAB-48F2-B398-0ECA1D9321F6}.Debug|x64.ActiveCfg = Debug|x64
		{4AB9237D-9BAB-48F2-B398-0ECA1D9321F6}.Debug|x64.Build.0 = Debug|x64
		{4AB9237D-9BAB-48F2-B398-0ECA1D9321F6}.Debug|x86.ActiveCfg = Debug|Win32
		{4AB9237D-9BAB-48F2-B398-0ECA1D9321F6}.Debug|x86.Build.0 = Debug|Win32
		{4AB9237D-9BAB-48F2-B398-0ECA1D9321F6}.Release|x64.ActiveCfg = Release|x64
		{4AB9237D-9BAB-48F2-B398-0ECA1D9321F6}.Release|x64.Build.0 = Release|x64
		{4AB9237D-9BAB-48F2-B398-0ECA1D9321F6}.Release|x86.ActiveCfg = Release|Win32
		{4AB9237D-9BAB-48F2-B398-0ECA1D9321F6}.Release|x86.Build.0 = Release|Win32
		{CDF728CC-DDAF-41C7-A787-CFFE86FDB472}.Debug|x64.ActiveCfg = Debug|x64
		{CDF728CC-DDAF-41C7-A787-CFFE86FDB472}.Debug|x64.Build.0 = Debug|x64
		{CDF728CC-DDAF-41C7-A787-CFFE86FDB472}.Debug|x86.ActiveCfg = Debug|Win32
		{CDF728CC-DDAF-41C7-A787-CFFE86FDB472}.Debug|x86.Build.0 = Debug|Win32
		{CDF728CC-DDAF-41C7-A787-CFFE86FDB472}.Release|x64.ActiveCfg = Release|x64
		{CDF728CC-DDAF-41C7-A787-CFFE86FDB472}.Release|x64.Build.0 = Release|x64
		{CDF728CC-DDAF-41C7-A787-CFFE86FDB472}.Release|x86.ActiveCfg = Release|Win32
		{CDF728CC-DDAF-41C7-A787-CFFE86FDB472}.Release|x86.Build.0 = Release|Win32
	EndGlobalSection
	GlobalSection(SolutionProperties) = preSolution
		HideSolutionNode = FALSE
	EndGlobalSection
	GlobalSection(ExtensibilityGlobals) = postSolution
		SolutionGuid = {3780147F-562B-4334-A6E2-2473D112A7AC}
	EndGlobalSection
EndGlobal
